
Microsoft Visual Studio Solution File, Format Version 12.00
# Visual Studio Version 16
VisualStudioVersion = 16.0.29926.136
MinimumVisualStudioVersion = 10.0.40219.1
Project("{FAE04EC0-301F-11D3-BF4B-00C04F79EFBC}") = "Entidades", "Entidades\Entidades.csproj", "{0CA9E05E-1C30-4510-AD4E-75A54B06C46D}"
EndProject
Project("{FAE04EC0-301F-11D3-BF4B-00C04F79EFBC}") = "MiCalculadora", "MiCalculadora\MiCalculadora.csproj", "{867071D0-6F57-437D-BA50-B51D277ECC01}"
EndProject
Global
	GlobalSection(SolutionConfigurationPlatforms) = preSolution
		Debug|Any CPU = Debug|Any CPU
		Release|Any CPU = Release|Any CPU
	EndGlobalSection
	GlobalSection(ProjectConfigurationPlatforms) = postSolution
		{0CA9E05E-1C30-4510-AD4E-75A54B06C46D}.Debug|Any CPU.ActiveCfg = Debug|Any CPU
		{0CA9E05E-1C30-4510-AD4E-75A54B06C46D}.Debug|Any CPU.Build.0 = Debug|Any CPU
		{0CA9E05E-1C30-4510-AD4E-75A54B06C46D}.Release|Any CPU.ActiveCfg = Release|Any CPU
		{0CA9E05E-1C30-4510-AD4E-75A54B06C46D}.Release|Any CPU.Build.0 = Release|Any CPU
		{867071D0-6F57-437D-BA50-B51D277ECC01}.Debug|Any CPU.ActiveCfg = Debug|Any CPU
		{867071D0-6F57-437D-BA50-B51D277ECC01}.Debug|Any CPU.Build.0 = Debug|Any CPU
		{867071D0-6F57-437D-BA50-B51D277ECC01}.Release|Any CPU.ActiveCfg = Release|Any CPU
		{867071D0-6F57-437D-BA50-B51D277ECC01}.Release|Any CPU.Build.0 = Release|Any CPU
	EndGlobalSection
	GlobalSection(SolutionProperties) = preSolution
		HideSolutionNode = FALSE
	EndGlobalSection
	GlobalSection(ExtensibilityGlobals) = postSolution
		SolutionGuid = {96BB5205-ACD8-43DD-BFDE-F0247894F581}
	EndGlobalSection
EndGlobal
